
Microsoft Visual Studio Solution File, Format Version 12.00
# Visual Studio Version 17
VisualStudioVersion = 17.11.35327.3
MinimumVisualStudioVersion = 10.0.40219.1
Project("{9A19103F-16F7-4668-BE54-9A1E7A4F7556}") = "Reversi-Maui-Front", "Reversi-Maui-Front\Reversi-Maui-Front.csproj", "{EEABB28D-0256-4C09-877E-87D2FFB5C0C4}"
EndProject
Global
	GlobalSection(SolutionConfigurationPlatforms) = preSolution
		Debug|Any CPU = Debug|Any CPU
		Release|Any CPU = Release|Any CPU
	EndGlobalSection
	GlobalSection(ProjectConfigurationPlatforms) = postSolution
		{EEABB28D-0256-4C09-877E-87D2FFB5C0C4}.Debug|Any CPU.ActiveCfg = Debug|Any CPU
		{EEABB28D-0256-4C09-877E-87D2FFB5C0C4}.Debug|Any CPU.Build.0 = Debug|Any CPU
		{EEABB28D-0256-4C09-877E-87D2FFB5C0C4}.Debug|Any CPU.Deploy.0 = Debug|Any CPU
		{EEABB28D-0256-4C09-877E-87D2FFB5C0C4}.Release|Any CPU.ActiveCfg = Release|Any CPU
		{EEABB28D-0256-4C09-877E-87D2FFB5C0C4}.Release|Any CPU.Build.0 = Release|Any CPU
		{EEABB28D-0256-4C09-877E-87D2FFB5C0C4}.Release|Any CPU.Deploy.0 = Release|Any CPU
	EndGlobalSection
	GlobalSection(SolutionProperties) = preSolution
		HideSolutionNode = FALSE
	EndGlobalSection
	GlobalSection(ExtensibilityGlobals) = postSolution
		SolutionGuid = {1960902D-46C3-4972-9B24-76D691BAF9F5}
	EndGlobalSection
EndGlobal
